
Microsoft Visual Studio Solution File, Format Version 12.00
# Visual Studio Version 17
VisualStudioVersion = 17.7.34031.279
MinimumVisualStudioVersion = 10.0.40219.1
Project("{FAE04EC0-301F-11D3-BF4B-00C04F79EFBC}") = "FinanceAPI", "FinanceAPI\FinanceAPI.csproj", "{A8D65F07-A643-4EC9-9DA7-7B0765F75726}"
EndProject
Global
	GlobalSection(SolutionConfigurationPlatforms) = preSolution
		Debug|Any CPU = Debug|Any CPU
		Release|Any CPU = Release|Any CPU
	EndGlobalSection
	GlobalSection(ProjectConfigurationPlatforms) = postSolution
		{A8D65F07-A643-4EC9-9DA7-7B0765F75726}.Debug|Any CPU.ActiveCfg = Debug|Any CPU
		{A8D65F07-A643-4EC9-9DA7-7B0765F75726}.Debug|Any CPU.Build.0 = Debug|Any CPU
		{A8D65F07-A643-4EC9-9DA7-7B0765F75726}.Release|Any CPU.ActiveCfg = Release|Any CPU
		{A8D65F07-A643-4EC9-9DA7-7B0765F75726}.Release|Any CPU.Build.0 = Release|Any CPU
	EndGlobalSection
	GlobalSection(SolutionProperties) = preSolution
		HideSolutionNode = FALSE
	EndGlobalSection
	GlobalSection(ExtensibilityGlobals) = postSolution
		SolutionGuid = {A242C245-1C21-49D4-BAE0-BCD4C741BC2B}
	EndGlobalSection
EndGlobal
